
Microsoft Visual Studio Solution File, Format Version 12.00
# Visual Studio Version 16
VisualStudioVersion = 16.0.31424.327
MinimumVisualStudioVersion = 10.0.40219.1
Project("{FAE04EC0-301F-11D3-BF4B-00C04F79EFBC}") = "SalaryCalculatorCore", "SalaryCalculator.Core\SalaryCalculatorCore.csproj", "{E72C2F23-8090-421B-A13F-E44866A530A9}"
EndProject
Project("{FAE04EC0-301F-11D3-BF4B-00C04F79EFBC}") = "SalaryCalculatorTest", "SalaryCalculator.Test\SalaryCalculatorTest.csproj", "{9E1391A8-CED6-4B23-AB88-C3E7FEDA5AC6}"
EndProject
Global
	GlobalSection(SolutionConfigurationPlatforms) = preSolution
		Debug|Any CPU = Debug|Any CPU
		Release|Any CPU = Release|Any CPU
	EndGlobalSection
	GlobalSection(ProjectConfigurationPlatforms) = postSolution
		{E72C2F23-8090-421B-A13F-E44866A530A9}.Debug|Any CPU.ActiveCfg = Debug|Any CPU
		{E72C2F23-8090-421B-A13F-E44866A530A9}.Debug|Any CPU.Build.0 = Debug|Any CPU
		{E72C2F23-8090-421B-A13F-E44866A530A9}.Release|Any CPU.ActiveCfg = Release|Any CPU
		{E72C2F23-8090-421B-A13F-E44866A530A9}.Release|Any CPU.Build.0 = Release|Any CPU
		{9E1391A8-CED6-4B23-AB88-C3E7FEDA5AC6}.Debug|Any CPU.ActiveCfg = Debug|Any CPU
		{9E1391A8-CED6-4B23-AB88-C3E7FEDA5AC6}.Debug|Any CPU.Build.0 = Debug|Any CPU
		{9E1391A8-CED6-4B23-AB88-C3E7FEDA5AC6}.Release|Any CPU.ActiveCfg = Release|Any CPU
		{9E1391A8-CED6-4B23-AB88-C3E7FEDA5AC6}.Release|Any CPU.Build.0 = Release|Any CPU
	EndGlobalSection
	GlobalSection(SolutionProperties) = preSolution
		HideSolutionNode = FALSE
	EndGlobalSection
	GlobalSection(ExtensibilityGlobals) = postSolution
		SolutionGuid = {DA8312EF-DD3C-420F-A883-4066AAA8B682}
	EndGlobalSection
EndGlobal
